
Microsoft Visual Studio Solution File, Format Version 12.00
# Visual Studio Version 17
VisualStudioVersion = 17.3.32929.385
MinimumVisualStudioVersion = 10.0.40219.1
Project("{FAE04EC0-301F-11D3-BF4B-00C04F79EFBC}") = "DotnetPractice", "DotnetPractice\DotnetPractice.csproj", "{F2D53510-DB4D-46C6-8D78-239572CA53E5}"
EndProject
Global
	GlobalSection(SolutionConfigurationPlatforms) = preSolution
		Debug|Any CPU = Debug|Any CPU
		Release|Any CPU = Release|Any CPU
	EndGlobalSection
	GlobalSection(ProjectConfigurationPlatforms) = postSolution
		{F2D53510-DB4D-46C6-8D78-239572CA53E5}.Debug|Any CPU.ActiveCfg = Debug|Any CPU
		{F2D53510-DB4D-46C6-8D78-239572CA53E5}.Debug|Any CPU.Build.0 = Debug|Any CPU
		{F2D53510-DB4D-46C6-8D78-239572CA53E5}.Release|Any CPU.ActiveCfg = Release|Any CPU
		{F2D53510-DB4D-46C6-8D78-239572CA53E5}.Release|Any CPU.Build.0 = Release|Any CPU
	EndGlobalSection
	GlobalSection(SolutionProperties) = preSolution
		HideSolutionNode = FALSE
	EndGlobalSection
	GlobalSection(ExtensibilityGlobals) = postSolution
		SolutionGuid = {5EF41A3E-7072-4417-A54A-90596E3BD4F1}
	EndGlobalSection
EndGlobal
